Microsoft Visual Studio Solution File, Format Version 12.00
# Visual Studio Version 17
VisualStudioVersion = 17.5.2.0
MinimumVisualStudioVersion = 10.0.40219.1
Project("{FAE04EC0-301F-11D3-BF4B-00C04F79EFBC}") = "MonitoriaAPI", "MonitoriaAPI.csproj", "{9F39A8F5-C73D-1F73-1A82-92ECC7FF07C5}"
EndProject
Global
	GlobalSection(SolutionConfigurationPlatforms) = preSolution
		Debug|Any CPU = Debug|Any CPU
		Release|Any CPU = Release|Any CPU
	EndGlobalSection
	GlobalSection(ProjectConfigurationPlatforms) = postSolution
		{9F39A8F5-C73D-1F73-1A82-92ECC7FF07C5}.Debug|Any CPU.ActiveCfg = Debug|Any CPU
		{9F39A8F5-C73D-1F73-1A82-92ECC7FF07C5}.Debug|Any CPU.Build.0 = Debug|Any CPU
		{9F39A8F5-C73D-1F73-1A82-92ECC7FF07C5}.Release|Any CPU.ActiveCfg = Release|Any CPU
		{9F39A8F5-C73D-1F73-1A82-92ECC7FF07C5}.Release|Any CPU.Build.0 = Release|Any CPU
	EndGlobalSection
	GlobalSection(SolutionProperties) = preSolution
		HideSolutionNode = FALSE
	EndGlobalSection
	GlobalSection(ExtensibilityGlobals) = postSolution
		SolutionGuid = {CF23355E-2FC8-448F-81BE-5D82B1BB7D71}
	EndGlobalSection
EndGlobal
